
Microsoft Visual Studio Solution File, Format Version 12.00
# Visual Studio Version 16
VisualStudioVersion = 16.0.30621.155
MinimumVisualStudioVersion = 10.0.40219.1
Project("{FAE04EC0-301F-11D3-BF4B-00C04F79EFBC}") = "CSharpReleaseNotes", "CSharpReleaseNotes\CSharpReleaseNotes.csproj", "{70919BFA-AD55-432D-BD92-139CBB83FB73}"
EndProject
Global
	GlobalSection(SolutionConfigurationPlatforms) = preSolution
		Debug|Any CPU = Debug|Any CPU
		Release|Any CPU = Release|Any CPU
	EndGlobalSection
	GlobalSection(ProjectConfigurationPlatforms) = postSolution
		{70919BFA-AD55-432D-BD92-139CBB83FB73}.Debug|Any CPU.ActiveCfg = Debug|Any CPU
		{70919BFA-AD55-432D-BD92-139CBB83FB73}.Debug|Any CPU.Build.0 = Debug|Any CPU
		{70919BFA-AD55-432D-BD92-139CBB83FB73}.Release|Any CPU.ActiveCfg = Release|Any CPU
		{70919BFA-AD55-432D-BD92-139CBB83FB73}.Release|Any CPU.Build.0 = Release|Any CPU
	EndGlobalSection
	GlobalSection(SolutionProperties) = preSolution
		HideSolutionNode = FALSE
	EndGlobalSection
	GlobalSection(ExtensibilityGlobals) = postSolution
		SolutionGuid = {462D1EF4-67A9-4840-B4B7-0B8EBC8E60F6}
	EndGlobalSection
EndGlobal
